
Microsoft Visual Studio Solution File, Format Version 12.00
# Visual Studio 15
VisualStudioVersion = 15.0.27130.2010
MinimumVisualStudioVersion = 10.0.40219.1
Project("{FAE04EC0-301F-11D3-BF4B-00C04F79EFBC}") = "DaemonMaster", "DaemonMaster\DaemonMaster.csproj", "{22341581-8624-4394-86C3-330956B03C03}"
	ProjectSection(ProjectDependencies) = postProject
		{227BA4D7-56AC-40BA-A73C-0B28AC8C99F8} = {227BA4D7-56AC-40BA-A73C-0B28AC8C99F8}
	EndProjectSection
EndProject
Project("{FAE04EC0-301F-11D3-BF4B-00C04F79EFBC}") = "DaemonMasterService", "DaemonMasterService\DaemonMasterService.csproj", "{227BA4D7-56AC-40BA-A73C-0B28AC8C99F8}"
EndProject
Project("{2150E333-8FDC-42A3-9474-1A3956D46DE8}") = "Solution Items", "Solution Items", "{10A8BD2F-8374-464F-858A-0341027CBCB3}"
	ProjectSection(SolutionItems) = preProject
		AutoUpdater.xml = AutoUpdater.xml
	EndProjectSection
EndProject
Project("{FAE04EC0-301F-11D3-BF4B-00C04F79EFBC}") = "DaemonMasterCore", "DaemonMasterCore\DaemonMasterCore.csproj", "{FA9D9D3D-AF33-4FF0-ACB3-3D7278E5A90B}"
EndProject
Project("{FAE04EC0-301F-11D3-BF4B-00C04F79EFBC}") = "DaemonMasterCustomActions", "DaemonMasterCustomActions\DaemonMasterCustomActions.csproj", "{ECF66D86-2C68-4540-86EF-20F3F26A14E6}"
EndProject
Project("{2150E333-8FDC-42A3-9474-1A3956D46DE8}") = "Licences", "Licences", "{5909E6D3-0954-440A-83A9-D3D7E807909D}"
	ProjectSection(SolutionItems) = preProject
		ACTIVE_DIRECTORY_OBJECT_PICKER_LICENSE.txt = ACTIVE_DIRECTORY_OBJECT_PICKER_LICENSE.txt
		LISTVIEW_LAYOUT_MANAGER_LICENSE.htm = LISTVIEW_LAYOUT_MANAGER_LICENSE.htm
		MPL.txt = MPL.txt
		NEWTONSOFT.JSON_LICENSE.txt = NEWTONSOFT.JSON_LICENSE.txt
		NLOG_LICENSE.txt = NLOG_LICENSE.txt
	EndProjectSection
EndProject
Project("{FAE04EC0-301F-11D3-BF4B-00C04F79EFBC}") = "DaemonMasterUpdater", "DaemonMasterUpdater\DaemonMasterUpdater.csproj", "{11288E0F-A7DE-43EE-8BD9-93B955DCDBBA}"
EndProject
Global
	GlobalSection(SolutionConfigurationPlatforms) = preSolution
		Debug|Any CPU = Debug|Any CPU
		Debug|x64 = Debug|x64
		Debug|x86 = Debug|x86
		Release|Any CPU = Release|Any CPU
		Release|x64 = Release|x64
		Release|x86 = Release|x86
	EndGlobalSection
	GlobalSection(ProjectConfigurationPlatforms) = postSolution
		{22341581-8624-4394-86C3-330956B03C03}.Debug|Any CPU.ActiveCfg = Debug|Any CPU
		{22341581-8624-4394-86C3-330956B03C03}.Debug|Any CPU.Build.0 = Debug|Any CPU
		{22341581-8624-4394-86C3-330956B03C03}.Debug|x64.ActiveCfg = Debug|Any CPU
		{22341581-8624-4394-86C3-330956B03C03}.Debug|x64.Build.0 = Debug|Any CPU
		{22341581-8624-4394-86C3-330956B03C03}.Debug|x86.ActiveCfg = Debug|Any CPU
		{22341581-8624-4394-86C3-330956B03C03}.Debug|x86.Build.0 = Debug|Any CPU
		{22341581-8624-4394-86C3-330956B03C03}.Release|Any CPU.ActiveCfg = Release|Any CPU
		{22341581-8624-4394-86C3-330956B03C03}.Release|Any CPU.Build.0 = Release|Any CPU
		{22341581-8624-4394-86C3-330956B03C03}.Release|x64.ActiveCfg = Release|Any CPU
		{22341581-8624-4394-86C3-330956B03C03}.Release|x64.Build.0 = Release|Any CPU
		{22341581-8624-4394-86C3-330956B03C03}.Release|x86.ActiveCfg = Release|Any CPU
		{22341581-8624-4394-86C3-330956B03C03}.Release|x86.Build.0 = Release|Any CPU
		{227BA4D7-56AC-40BA-A73C-0B28AC8C99F8}.Debug|Any CPU.ActiveCfg = Debug|Any CPU
		{227BA4D7-56AC-40BA-A73C-0B28AC8C99F8}.Debug|Any CPU.Build.0 = Debug|Any CPU
		{227BA4D7-56AC-40BA-A73C-0B28AC8C99F8}.Debug|x64.ActiveCfg = Debug|Any CPU
		{227BA4D7-56AC-40BA-A73C-0B28AC8C99F8}.Debug|x64.Build.0 = Debug|Any CPU
		{227BA4D7-56AC-40BA-A73C-0B28AC8C99F8}.Debug|x86.ActiveCfg = Debug|Any CPU
		{227BA4D7-56AC-40BA-A73C-0B28AC8C99F8}.Debug|x86.Build.0 = Debug|Any CPU
		{227BA4D7-56AC-40BA-A73C-0B28AC8C99F8}.Release|Any CPU.ActiveCfg = Release|Any CPU
		{227BA4D7-56AC-40BA-A73C-0B28AC8C99F8}.Release|Any CPU.Build.0 = Release|Any CPU
		{227BA4D7-56AC-40BA-A73C-0B28AC8C99F8}.Release|x64.ActiveCfg = Release|Any CPU
		{227BA4D7-56AC-40BA-A73C-0B28AC8C99F8}.Release|x64.Build.0 = Release|Any CPU
		{227BA4D7-56AC-40BA-A73C-0B28AC8C99F8}.Release|x86.ActiveCfg = Release|Any CPU
		{227BA4D7-56AC-40BA-A73C-0B28AC8C99F8}.Release|x86.Build.0 = Release|Any CPU
		{FA9D9D3D-AF33-4FF0-ACB3-3D7278E5A90B}.Debug|Any CPU.ActiveCfg = Debug|Any CPU
		{FA9D9D3D-AF33-4FF0-ACB3-3D7278E5A90B}.Debug|Any CPU.Build.0 = Debug|Any CPU
		{FA9D9D3D-AF33-4FF0-ACB3-3D7278E5A90B}.Debug|x64.ActiveCfg = Debug|Any CPU
		{FA9D9D3D-AF33-4FF0-ACB3-3D7278E5A90B}.Debug|x64.Build.0 = Debug|Any CPU
		{FA9D9D3D-AF33-4FF0-ACB3-3D7278E5A90B}.Debug|x86.ActiveCfg = Debug|Any CPU
		{FA9D9D3D-AF33-4FF0-ACB3-3D7278E5A90B}.Debug|x86.Build.0 = Debug|Any CPU
		{FA9D9D3D-AF33-4FF0-ACB3-3D7278E5A90B}.Release|Any CPU.ActiveCfg = Release|Any CPU
		{FA9D9D3D-AF33-4FF0-ACB3-3D7278E5A90B}.Release|Any CPU.Build.0 = Release|Any CPU
		{FA9D9D3D-AF33-4FF0-ACB3-3D7278E5A90B}.Release|x64.ActiveCfg = Release|Any CPU
		{FA9D9D3D-AF33-4FF0-ACB3-3D7278E5A90B}.Release|x64.Build.0 = Release|Any CPU
		{FA9D9D3D-AF33-4FF0-ACB3-3D7278E5A90B}.Release|x86.ActiveCfg = Release|Any CPU
		{FA9D9D3D-AF33-4FF0-ACB3-3D7278E5A90B}.Release|x86.Build.0 = Release|Any CPU
		{ECF66D86-2C68-4540-86EF-20F3F26A14E6}.Debug|Any CPU.ActiveCfg = Debug|x86
		{ECF66D86-2C68-4540-86EF-20F3F26A14E6}.Debug|x64.ActiveCfg = Debug|x86
		{ECF66D86-2C68-4540-86EF-20F3F26A14E6}.Debug|x86.ActiveCfg = Debug|x86
		{ECF66D86-2C68-4540-86EF-20F3F26A14E6}.Debug|x86.Build.0 = Debug|x86
		{ECF66D86-2C68-4540-86EF-20F3F26A14E6}.Release|Any CPU.ActiveCfg = Release|x86
		{ECF66D86-2C68-4540-86EF-20F3F26A14E6}.Release|x64.ActiveCfg = Release|x86
		{ECF66D86-2C68-4540-86EF-20F3F26A14E6}.Release|x86.ActiveCfg = Release|x86
		{ECF66D86-2C68-4540-86EF-20F3F26A14E6}.Release|x86.Build.0 = Release|x86
		{11288E0F-A7DE-43EE-8BD9-93B955DCDBBA}.Debug|Any CPU.ActiveCfg = Debug|Any CPU
		{11288E0F-A7DE-43EE-8BD9-93B955DCDBBA}.Debug|Any CPU.Build.0 = Debug|Any CPU
		{11288E0F-A7DE-43EE-8BD9-93B955DCDBBA}.Debug|x64.ActiveCfg = Debug|Any CPU
		{11288E0F-A7DE-43EE-8BD9-93B955DCDBBA}.Debug|x64.Build.0 = Debug|Any CPU
		{11288E0F-A7DE-43EE-8BD9-93B955DCDBBA}.Debug|x86.ActiveCfg = Debug|Any CPU
		{11288E0F-A7DE-43EE-8BD9-93B955DCDBBA}.Debug|x86.Build.0 = Debug|Any CPU
		{11288E0F-A7DE-43EE-8BD9-93B955DCDBBA}.Release|Any CPU.ActiveCfg = Release|Any CPU
		{11288E0F-A7DE-43EE-8BD9-93B955DCDBBA}.Release|Any CPU.Build.0 = Release|Any CPU
		{11288E0F-A7DE-43EE-8BD9-93B955DCDBBA}.Release|x64.ActiveCfg = Release|Any CPU
		{11288E0F-A7DE-43EE-8BD9-93B955DCDBBA}.Release|x64.Build.0 = Release|Any CPU
		{11288E0F-A7DE-43EE-8BD9-93B955DCDBBA}.Release|x86.ActiveCfg = Release|Any CPU
		{11288E0F-A7DE-43EE-8BD9-93B955DCDBBA}.Release|x86.Build.0 = Release|Any CPU
	EndGlobalSection
	GlobalSection(SolutionProperties) = preSolution
		HideSolutionNode = FALSE
	EndGlobalSection
	GlobalSection(NestedProjects) = preSolution
		{5909E6D3-0954-440A-83A9-D3D7E807909D} = {10A8BD2F-8374-464F-858A-0341027CBCB3}
	EndGlobalSection
	GlobalSection(ExtensibilityGlobals) = postSolution
		RESX_PrefixTranslations = False
		SolutionGuid = {637CC3EA-9C1C-402E-ABF0-F131C3E28C9C}
		RESX_ResXSortingComparison = OrdinalIgnoreCase
		RESX_SaveFilesImmediatelyUponChange = True
	EndGlobalSection
EndGlobal
