
Microsoft Visual Studio Solution File, Format Version 12.00
# Visual Studio 15
VisualStudioVersion = 15.0.27703.2026
MinimumVisualStudioVersion = 10.0.40219.1
Project("{8BC9CEB8-8B4A-11D0-8D11-00A0C91BC942}") = "DaemonMasterService", "DaemonMasterService.vcxproj", "{FD626F1E-CFA2-4B2B-A0B7-F7FED1142902}"
EndProject
Global
	GlobalSection(SolutionConfigurationPlatforms) = preSolution
		Debug|x64 = Debug|x64
		Debug|x86 = Debug|x86
		Release|x64 = Release|x64
		Release|x86 = Release|x86
	EndGlobalSection
	GlobalSection(ProjectConfigurationPlatforms) = postSolution
		{FD626F1E-CFA2-4B2B-A0B7-F7FED1142902}.Debug|x64.ActiveCfg = Debug|x64
		{FD626F1E-CFA2-4B2B-A0B7-F7FED1142902}.Debug|x64.Build.0 = Debug|x64
		{FD626F1E-CFA2-4B2B-A0B7-F7FED1142902}.Debug|x86.ActiveCfg = Debug|Win32
		{FD626F1E-CFA2-4B2B-A0B7-F7FED1142902}.Debug|x86.Build.0 = Debug|Win32
		{FD626F1E-CFA2-4B2B-A0B7-F7FED1142902}.Release|x64.ActiveCfg = Release|x64
		{FD626F1E-CFA2-4B2B-A0B7-F7FED1142902}.Release|x64.Build.0 = Release|x64
		{FD626F1E-CFA2-4B2B-A0B7-F7FED1142902}.Release|x86.ActiveCfg = Release|Win32
		{FD626F1E-CFA2-4B2B-A0B7-F7FED1142902}.Release|x86.Build.0 = Release|Win32
	EndGlobalSection
	GlobalSection(SolutionProperties) = preSolution
		HideSolutionNode = FALSE
	EndGlobalSection
	GlobalSection(ExtensibilityGlobals) = postSolution
		SolutionGuid = {82CC973E-6A59-4C18-B1C8-9020409CB8EF}
	EndGlobalSection
EndGlobal
